
Microsoft Visual Studio Solution File, Format Version 12.00
# Visual Studio Version 16
VisualStudioVersion = 16.0.30523.141
MinimumVisualStudioVersion = 10.0.40219.1
Project("{FAE04EC0-301F-11D3-BF4B-00C04F79EFBC}") = "DARYO", "DARYO\DARYO.csproj", "{A9FA2C55-5C22-457E-914B-904761BC5203}"
EndProject
Global
	GlobalSection(SolutionConfigurationPlatforms) = preSolution
		Debug|Any CPU = Debug|Any CPU
		Release|Any CPU = Release|Any CPU
	EndGlobalSection
	GlobalSection(ProjectConfigurationPlatforms) = postSolution
		{A9FA2C55-5C22-457E-914B-904761BC5203}.Debug|Any CPU.ActiveCfg = Debug|Any CPU
		{A9FA2C55-5C22-457E-914B-904761BC5203}.Debug|Any CPU.Build.0 = Debug|Any CPU
		{A9FA2C55-5C22-457E-914B-904761BC5203}.Release|Any CPU.ActiveCfg = Release|Any CPU
		{A9FA2C55-5C22-457E-914B-904761BC5203}.Release|Any CPU.Build.0 = Release|Any CPU
	EndGlobalSection
	GlobalSection(SolutionProperties) = preSolution
		HideSolutionNode = FALSE
	EndGlobalSection
	GlobalSection(ExtensibilityGlobals) = postSolution
		SolutionGuid = {1346AE44-ACCD-4D34-94B1-9EC452584BCD}
	EndGlobalSection
EndGlobal
